// !$*UTF8*$!
{
	archiveVersion = 1;
	classes = {
	};
	objectVersion = 50;
	objects = {

/* Begin PBXBuildFile section */
		034340997C47DA8265A96185 /* Pods_XCUITestTemplate.framework in Frameworks */ = {isa = PBXBuildFile; fileRef = 3949F1C81B4F3CB88E63FF92 /* Pods_XCUITestTemplate.framework */; };
		8112B780ECC2EDD677CFD74C /* Pods_XCUITestTemplateUITests.framework in Frameworks */ = {isa = PBXBuildFile; fileRef = C03F7A8004EEA6B756B2DA5C /* Pods_XCUITestTemplateUITests.framework */; };
		864CF2713B3B507392C9B6AB /* Pods_XCUITestTemplateTests.framework in Frameworks */ = {isa = PBXBuildFile; fileRef = 689F84C40A68F4BB06158793 /* Pods_XCUITestTemplateTests.framework */; };
		B53F598A2297C3E6004E2C9D /* AppDelegate.swift in Sources */ = {isa = PBXBuildFile; fileRef = B53F59892297C3E6004E2C9D /* AppDelegate.swift */; };
		B53F598C2297C3E6004E2C9D /* ViewController.swift in Sources */ = {isa = PBXBuildFile; fileRef = B53F598B2297C3E6004E2C9D /* ViewController.swift */; };
		B53F598F2297C3E6004E2C9D /* Main.storyboard in Resources */ = {isa = PBXBuildFile; fileRef = B53F598D2297C3E6004E2C9D /* Main.storyboard */; };
		B53F59922297C3E6004E2C9D /* XCUITestTemplate.xcdatamodeld in Sources */ = {isa = PBXBuildFile; fileRef = B53F59902297C3E6004E2C9D /* XCUITestTemplate.xcdatamodeld */; };
		B53F59942297C3E9004E2C9D /* Assets.xcassets in Resources */ = {isa = PBXBuildFile; fileRef = B53F59932297C3E9004E2C9D /* Assets.xcassets */; };
		B53F59972297C3E9004E2C9D /* LaunchScreen.storyboard in Resources */ = {isa = PBXBuildFile; fileRef = B53F59952297C3E9004E2C9D /* LaunchScreen.storyboard */; };
		B53F59A22297C3E9004E2C9D /* XCUITestTemplateTests.swift in Sources */ = {isa = PBXBuildFile; fileRef = B53F59A12297C3E9004E2C9D /* XCUITestTemplateTests.swift */; };
		B53F59AD2297C3E9004E2C9D /* XCUITestTemplateUITests.swift in Sources */ = {isa = PBXBuildFile; fileRef = B53F59AC2297C3E9004E2C9D /* XCUITestTemplateUITests.swift */; };
		B5E876B62297C8DE004FB652 /* CustomTextField.swift in Sources */ = {isa = PBXBuildFile; fileRef = B5E876B52297C8DE004FB652 /* CustomTextField.swift */; };
		B5E876C12297CADF004FB652 /* BasePage.swift in Sources */ = {isa = PBXBuildFile; fileRef = B5E876C02297CADF004FB652 /* BasePage.swift */; };
		B5E876C32297CB04004FB652 /* Config.swift in Sources */ = {isa = PBXBuildFile; fileRef = B5E876C22297CB04004FB652 /* Config.swift */; };
		B5E876C52297CB24004FB652 /* LoginPage.swift in Sources */ = {isa = PBXBuildFile; fileRef = B5E876C42297CB24004FB652 /* LoginPage.swift */; };
		B5E876C72297CB60004FB652 /* LoginWorkFlow.swift in Sources */ = {isa = PBXBuildFile; fileRef = B5E876C62297CB60004FB652 /* LoginWorkFlow.swift */; };
		B5E876C92297CBA8004FB652 /* TestInputHandler.swift in Sources */ = {isa = PBXBuildFile; fileRef = B5E876C82297CBA8004FB652 /* TestInputHandler.swift */; };
		B5E876CB2297CBCC004FB652 /* DataParser.swift in Sources */ = {isa = PBXBuildFile; fileRef = B5E876CA2297CBCC004FB652 /* DataParser.swift */; };
		B5E876CE2297CC59004FB652 /* CustomData.json in Resources */ = {isa = PBXBuildFile; fileRef = B5E876CC2297CC59004FB652 /* CustomData.json */; };
		B5E876CF2297CC59004FB652 /* UserInputs.plist in Resources */ = {isa = PBXBuildFile; fileRef = B5E876CD2297CC59004FB652 /* UserInputs.plist */; };
		B5E876D32297CCA1004FB652 /* LoginUITest.swift in Sources */ = {isa = PBXBuildFile; fileRef = B5E876D22297CCA1004FB652 /* LoginUITest.swift */; };
		B5E876D62297CDAE004FB652 /* CucumberishLoader.m in Sources */ = {isa = PBXBuildFile; fileRef = B5E876D52297CDAE004FB652 /* CucumberishLoader.m */; };
		B5E876D82297CDDF004FB652 /* LoginStepDefenation.swift in Sources */ = {isa = PBXBuildFile; fileRef = B5E876D72297CDDF004FB652 /* LoginStepDefenation.swift */; };
		B5E876DA2297CE50004FB652 /* Features in Resources */ = {isa = PBXBuildFile; fileRef = B5E876D92297CE4F004FB652 /* Features */; };
/* End PBXBuildFile section */

/* Begin PBXContainerItemProxy section */
		B53F599E2297C3E9004E2C9D /* PBXContainerItemProxy */ = {
			isa = PBXContainerItemProxy;
			containerPortal = B53F597E2297C3E5004E2C9D /* Project object */;
			proxyType = 1;
			remoteGlobalIDString = B53F59852297C3E6004E2C9D;
			remoteInfo = XCUITestTemplate;
		};
		B53F59A92297C3E9004E2C9D /* PBXContainerItemProxy */ = {
			isa = PBXContainerItemProxy;
			containerPortal = B53F597E2297C3E5004E2C9D /* Project object */;
			proxyType = 1;
			remoteGlobalIDString = B53F59852297C3E6004E2C9D;
			remoteInfo = XCUITestTemplate;
		};
/* End PBXContainerItemProxy section */

/* Begin PBXFileReference section */
		059D0C8CF45EC58FEB49632E /* Pods-XCUITestTemplateUITests.release.xcconfig */ = {isa = PBXFileReference; includeInIndex = 1; lastKnownFileType = text.xcconfig; name = "Pods-XCUITestTemplateUITests.release.xcconfig"; path = "Target Support Files/Pods-XCUITestTemplateUITests/Pods-XCUITestTemplateUITests.release.xcconfig"; sourceTree = "<group>"; };
		3949F1C81B4F3CB88E63FF92 /* Pods_XCUITestTemplate.framework */ = {isa = PBXFileReference; explicitFileType = wrapper.framework; includeInIndex = 0; path = Pods_XCUITestTemplate.framework; sourceTree = BUILT_PRODUCTS_DIR; };
		6597641923D0181011A5597F /* Pods-XCUITestTemplateUITests.debug.xcconfig */ = {isa = PBXFileReference; includeInIndex = 1; lastKnownFileType = text.xcconfig; name = "Pods-XCUITestTemplateUITests.debug.xcconfig"; path = "Target Support Files/Pods-XCUITestTemplateUITests/Pods-XCUITestTemplateUITests.debug.xcconfig"; sourceTree = "<group>"; };
		689F84C40A68F4BB06158793 /* Pods_XCUITestTemplateTests.framework */ = {isa = PBXFileReference; explicitFileType = wrapper.framework; includeInIndex = 0; path = Pods_XCUITestTemplateTests.framework; sourceTree = BUILT_PRODUCTS_DIR; };
		88AF14E5D2DCD5516A9325A0 /* Pods-XCUITestTemplateTests.release.xcconfig */ = {isa = PBXFileReference; includeInIndex = 1; lastKnownFileType = text.xcconfig; name = "Pods-XCUITestTemplateTests.release.xcconfig"; path = "Target Support Files/Pods-XCUITestTemplateTests/Pods-XCUITestTemplateTests.release.xcconfig"; sourceTree = "<group>"; };
		B53F59862297C3E6004E2C9D /* XCUITestTemplate.app */ = {isa = PBXFileReference; explicitFileType = wrapper.application; includeInIndex = 0; path = XCUITestTemplate.app; sourceTree = BUILT_PRODUCTS_DIR; };
		B53F59892297C3E6004E2C9D /* AppDelegate.swift */ = {isa = PBXFileReference; lastKnownFileType = sourcecode.swift; path = AppDelegate.swift; sourceTree = "<group>"; };
		B53F598B2297C3E6004E2C9D /* ViewController.swift */ = {isa = PBXFileReference; lastKnownFileType = sourcecode.swift; path = ViewController.swift; sourceTree = "<group>"; };
		B53F598E2297C3E6004E2C9D /* Base */ = {isa = PBXFileReference; lastKnownFileType = file.storyboard; name = Base; path = Base.lproj/Main.storyboard; sourceTree = "<group>"; };
		B53F59912297C3E6004E2C9D /* XCUITestTemplate.xcdatamodel */ = {isa = PBXFileReference; lastKnownFileType = wrapper.xcdatamodel; path = XCUITestTemplate.xcdatamodel; sourceTree = "<group>"; };
		B53F59932297C3E9004E2C9D /* Assets.xcassets */ = {isa = PBXFileReference; lastKnownFileType = folder.assetcatalog; path = Assets.xcassets; sourceTree = "<group>"; };
		B53F59962297C3E9004E2C9D /* Base */ = {isa = PBXFileReference; lastKnownFileType = file.storyboard; name = Base; path = Base.lproj/LaunchScreen.storyboard; sourceTree = "<group>"; };
		B53F59982297C3E9004E2C9D /* Info.plist */ = {isa = PBXFileReference; lastKnownFileType = text.plist.xml; path = Info.plist; sourceTree = "<group>"; };
		B53F599D2297C3E9004E2C9D /* XCUITestTemplateTests.xctest */ = {isa = PBXFileReference; explicitFileType = wrapper.cfbundle; includeInIndex = 0; path = XCUITestTemplateTests.xctest; sourceTree = BUILT_PRODUCTS_DIR; };
		B53F59A12297C3E9004E2C9D /* XCUITestTemplateTests.swift */ = {isa = PBXFileReference; lastKnownFileType = sourcecode.swift; path = XCUITestTemplateTests.swift; sourceTree = "<group>"; };
		B53F59A32297C3E9004E2C9D /* Info.plist */ = {isa = PBXFileReference; lastKnownFileType = text.plist.xml; path = Info.plist; sourceTree = "<group>"; };
		B53F59A82297C3E9004E2C9D /* XCUITestTemplateUITests.xctest */ = {isa = PBXFileReference; explicitFileType = wrapper.cfbundle; includeInIndex = 0; path = XCUITestTemplateUITests.xctest; sourceTree = BUILT_PRODUCTS_DIR; };
		B53F59AC2297C3E9004E2C9D /* XCUITestTemplateUITests.swift */ = {isa = PBXFileReference; lastKnownFileType = sourcecode.swift; path = XCUITestTemplateUITests.swift; sourceTree = "<group>"; };
		B53F59AE2297C3E9004E2C9D /* Info.plist */ = {isa = PBXFileReference; lastKnownFileType = text.plist.xml; path = Info.plist; sourceTree = "<group>"; };
		B5E876B52297C8DE004FB652 /* CustomTextField.swift */ = {isa = PBXFileReference; fileEncoding = 4; lastKnownFileType = sourcecode.swift; path = CustomTextField.swift; sourceTree = "<group>"; };
		B5E876C02297CADF004FB652 /* BasePage.swift */ = {isa = PBXFileReference; lastKnownFileType = sourcecode.swift; path = BasePage.swift; sourceTree = "<group>"; };
		B5E876C22297CB04004FB652 /* Config.swift */ = {isa = PBXFileReference; lastKnownFileType = sourcecode.swift; path = Config.swift; sourceTree = "<group>"; };
		B5E876C42297CB24004FB652 /* LoginPage.swift */ = {isa = PBXFileReference; lastKnownFileType = sourcecode.swift; path = LoginPage.swift; sourceTree = "<group>"; };
		B5E876C62297CB60004FB652 /* LoginWorkFlow.swift */ = {isa = PBXFileReference; lastKnownFileType = sourcecode.swift; path = LoginWorkFlow.swift; sourceTree = "<group>"; };
		B5E876C82297CBA8004FB652 /* TestInputHandler.swift */ = {isa = PBXFileReference; lastKnownFileType = sourcecode.swift; path = TestInputHandler.swift; sourceTree = "<group>"; };
		B5E876CA2297CBCC004FB652 /* DataParser.swift */ = {isa = PBXFileReference; lastKnownFileType = sourcecode.swift; path = DataParser.swift; sourceTree = "<group>"; };
		B5E876CC2297CC59004FB652 /* CustomData.json */ = {isa = PBXFileReference; fileEncoding = 4; lastKnownFileType = text.json; path = CustomData.json; sourceTree = "<group>"; };
		B5E876CD2297CC59004FB652 /* UserInputs.plist */ = {isa = PBXFileReference; fileEncoding = 4; lastKnownFileType = text.plist.xml; path = UserInputs.plist; sourceTree = "<group>"; };
		B5E876D22297CCA1004FB652 /* LoginUITest.swift */ = {isa = PBXFileReference; lastKnownFileType = sourcecode.swift; path = LoginUITest.swift; sourceTree = "<group>"; };
		B5E876D42297CDAE004FB652 /* XCUITestTemplateUITests-Bridging-Header.h */ = {isa = PBXFileReference; lastKnownFileType = sourcecode.c.h; path = "XCUITestTemplateUITests-Bridging-Header.h"; sourceTree = "<group>"; };
		B5E876D52297CDAE004FB652 /* CucumberishLoader.m */ = {isa = PBXFileReference; lastKnownFileType = sourcecode.c.objc; path = CucumberishLoader.m; sourceTree = "<group>"; };
		B5E876D72297CDDF004FB652 /* LoginStepDefenation.swift */ = {isa = PBXFileReference; lastKnownFileType = sourcecode.swift; path = LoginStepDefenation.swift; sourceTree = "<group>"; };
		B5E876D92297CE4F004FB652 /* Features */ = {isa = PBXFileReference; lastKnownFileType = folder; path = Features; sourceTree = "<group>"; };
		BA32BC28FF24BF6CAA75463A /* Pods-XCUITestTemplateTests.debug.xcconfig */ = {isa = PBXFileReference; includeInIndex = 1; lastKnownFileType = text.xcconfig; name = "Pods-XCUITestTemplateTests.debug.xcconfig"; path = "Target Support Files/Pods-XCUITestTemplateTests/Pods-XCUITestTemplateTests.debug.xcconfig"; sourceTree = "<group>"; };
		C03F7A8004EEA6B756B2DA5C /* Pods_XCUITestTemplateUITests.framework */ = {isa = PBXFileReference; explicitFileType = wrapper.framework; includeInIndex = 0; path = Pods_XCUITestTemplateUITests.framework; sourceTree = BUILT_PRODUCTS_DIR; };
		C439EFF87B79B1014F76B0F3 /* Pods-XCUITestTemplate.debug.xcconfig */ = {isa = PBXFileReference; includeInIndex = 1; lastKnownFileType = text.xcconfig; name = "Pods-XCUITestTemplate.debug.xcconfig"; path = "Target Support Files/Pods-XCUITestTemplate/Pods-XCUITestTemplate.debug.xcconfig"; sourceTree = "<group>"; };
		EAD8E486986FB7DE59D01B10 /* Pods-XCUITestTemplate.release.xcconfig */ = {isa = PBXFileReference; includeInIndex = 1; lastKnownFileType = text.xcconfig; name = "Pods-XCUITestTemplate.release.xcconfig"; path = "Target Support Files/Pods-XCUITestTemplate/Pods-XCUITestTemplate.release.xcconfig"; sourceTree = "<group>"; };
/* End PBXFileReference section */

/* Begin PBXFrameworksBuildPhase section */
		B53F59832297C3E6004E2C9D /* Frameworks */ = {
			isa = PBXFrameworksBuildPhase;
			buildActionMask = 2147483647;
			files = (
				034340997C47DA8265A96185 /* Pods_XCUITestTemplate.framework in Frameworks */,
			);
			runOnlyForDeploymentPostprocessing = 0;
		};
		B53F599A2297C3E9004E2C9D /* Frameworks */ = {
			isa = PBXFrameworksBuildPhase;
			buildActionMask = 2147483647;
			files = (
				864CF2713B3B507392C9B6AB /* Pods_XCUITestTemplateTests.framework in Frameworks */,
			);
			runOnlyForDeploymentPostprocessing = 0;
		};
		B53F59A52297C3E9004E2C9D /* Frameworks */ = {
			isa = PBXFrameworksBuildPhase;
			buildActionMask = 2147483647;
			files = (
				8112B780ECC2EDD677CFD74C /* Pods_XCUITestTemplateUITests.framework in Frameworks */,
			);
			runOnlyForDeploymentPostprocessing = 0;
		};
/* End PBXFrameworksBuildPhase section */

/* Begin PBXGroup section */
		0F904DFF4EF3CE6C63021682 /* Frameworks */ = {
			isa = PBXGroup;
			children = (
				3949F1C81B4F3CB88E63FF92 /* Pods_XCUITestTemplate.framework */,
				689F84C40A68F4BB06158793 /* Pods_XCUITestTemplateTests.framework */,
				C03F7A8004EEA6B756B2DA5C /* Pods_XCUITestTemplateUITests.framework */,
			);
			name = Frameworks;
			sourceTree = "<group>";
		};
		B53F597D2297C3E5004E2C9D = {
			isa = PBXGroup;
			children = (
				B53F59882297C3E6004E2C9D /* XCUITestTemplate */,
				B53F59A02297C3E9004E2C9D /* XCUITestTemplateTests */,
				B53F59AB2297C3E9004E2C9D /* XCUITestTemplateUITests */,
				B53F59872297C3E6004E2C9D /* Products */,
				F8F40F7A57A3BE4268AC9BA1 /* Pods */,
				0F904DFF4EF3CE6C63021682 /* Frameworks */,
			);
			sourceTree = "<group>";
		};
		B53F59872297C3E6004E2C9D /* Products */ = {
			isa = PBXGroup;
			children = (
				B53F59862297C3E6004E2C9D /* XCUITestTemplate.app */,
				B53F599D2297C3E9004E2C9D /* XCUITestTemplateTests.xctest */,
				B53F59A82297C3E9004E2C9D /* XCUITestTemplateUITests.xctest */,
			);
			name = Products;
			sourceTree = "<group>";
		};
		B53F59882297C3E6004E2C9D /* XCUITestTemplate */ = {
			isa = PBXGroup;
			children = (
				B5E876B52297C8DE004FB652 /* CustomTextField.swift */,
				B53F59892297C3E6004E2C9D /* AppDelegate.swift */,
				B53F598B2297C3E6004E2C9D /* ViewController.swift */,
				B53F598D2297C3E6004E2C9D /* Main.storyboard */,
				B53F59932297C3E9004E2C9D /* Assets.xcassets */,
				B53F59952297C3E9004E2C9D /* LaunchScreen.storyboard */,
				B53F59982297C3E9004E2C9D /* Info.plist */,
				B53F59902297C3E6004E2C9D /* XCUITestTemplate.xcdatamodeld */,
			);
			path = XCUITestTemplate;
			sourceTree = "<group>";
		};
		B53F59A02297C3E9004E2C9D /* XCUITestTemplateTests */ = {
			isa = PBXGroup;
			children = (
				B53F59A12297C3E9004E2C9D /* XCUITestTemplateTests.swift */,
				B53F59A32297C3E9004E2C9D /* Info.plist */,
			);
			path = XCUITestTemplateTests;
			sourceTree = "<group>";
		};
		B53F59AB2297C3E9004E2C9D /* XCUITestTemplateUITests */ = {
			isa = PBXGroup;
			children = (
				B5E876D92297CE4F004FB652 /* Features */,
				B5E876BA2297CA08004FB652 /* Reporting */,
				B5E876B92297C9FA004FB652 /* Exceptions */,
				B5E876B82297C9ED004FB652 /* Source */,
				B5E876B72297C9C4004FB652 /* Utilities */,
				B53F59AC2297C3E9004E2C9D /* XCUITestTemplateUITests.swift */,
				B53F59AE2297C3E9004E2C9D /* Info.plist */,
			);
			path = XCUITestTemplateUITests;
			sourceTree = "<group>";
		};
		B5E876B72297C9C4004FB652 /* Utilities */ = {
			isa = PBXGroup;
			children = (
			);
			path = Utilities;
			sourceTree = "<group>";
		};
		B5E876B82297C9ED004FB652 /* Source */ = {
			isa = PBXGroup;
			children = (
				B5E876C22297CB04004FB652 /* Config.swift */,
				B5E876BB2297CA35004FB652 /* Models */,
				B5E876BC2297CA42004FB652 /* Test Data */,
				B5E876BD2297CA50004FB652 /* Tests */,
				B5E876BE2297CA5C004FB652 /* Page Objects */,
				B5E876BF2297CA66004FB652 /* Work Flow */,
			);
			path = Source;
			sourceTree = "<group>";
		};
		B5E876B92297C9FA004FB652 /* Exceptions */ = {
			isa = PBXGroup;
			children = (
			);
			path = Exceptions;
			sourceTree = "<group>";
		};
		B5E876BA2297CA08004FB652 /* Reporting */ = {
			isa = PBXGroup;
			children = (
			);
			path = Reporting;
			sourceTree = "<group>";
		};
		B5E876BB2297CA35004FB652 /* Models */ = {
			isa = PBXGroup;
			children = (
				B5E876C82297CBA8004FB652 /* TestInputHandler.swift */,
				B5E876CA2297CBCC004FB652 /* DataParser.swift */,
			);
			path = Models;
			sourceTree = "<group>";
		};
		B5E876BC2297CA42004FB652 /* Test Data */ = {
			isa = PBXGroup;
			children = (
				B5E876CC2297CC59004FB652 /* CustomData.json */,
				B5E876CD2297CC59004FB652 /* UserInputs.plist */,
			);
			path = "Test Data";
			sourceTree = "<group>";
		};
		B5E876BD2297CA50004FB652 /* Tests */ = {
			isa = PBXGroup;
			children = (
				B5E876D12297CC79004FB652 /* XCUI Tests */,
				B5E876D02297CC6B004FB652 /* BDD */,
			);
			path = Tests;
			sourceTree = "<group>";
		};
		B5E876BE2297CA5C004FB652 /* Page Objects */ = {
			isa = PBXGroup;
			children = (
				B5E876C02297CADF004FB652 /* BasePage.swift */,
				B5E876C42297CB24004FB652 /* LoginPage.swift */,
			);
			path = "Page Objects";
			sourceTree = "<group>";
		};
		B5E876BF2297CA66004FB652 /* Work Flow */ = {
			isa = PBXGroup;
			children = (
				B5E876C62297CB60004FB652 /* LoginWorkFlow.swift */,
			);
			path = "Work Flow";
			sourceTree = "<group>";
		};
		B5E876D02297CC6B004FB652 /* BDD */ = {
			isa = PBXGroup;
			children = (
				B5E876D52297CDAE004FB652 /* CucumberishLoader.m */,
				B5E876D42297CDAE004FB652 /* XCUITestTemplateUITests-Bridging-Header.h */,
				B5E876D72297CDDF004FB652 /* LoginStepDefenation.swift */,
			);
			path = BDD;
			sourceTree = "<group>";
		};
		B5E876D12297CC79004FB652 /* XCUI Tests */ = {
			isa = PBXGroup;
			children = (
				B5E876D22297CCA1004FB652 /* LoginUITest.swift */,
			);
			path = "XCUI Tests";
			sourceTree = "<group>";
		};
		F8F40F7A57A3BE4268AC9BA1 /* Pods */ = {
			isa = PBXGroup;
			children = (
				C439EFF87B79B1014F76B0F3 /* Pods-XCUITestTemplate.debug.xcconfig */,
				EAD8E486986FB7DE59D01B10 /* Pods-XCUITestTemplate.release.xcconfig */,
				BA32BC28FF24BF6CAA75463A /* Pods-XCUITestTemplateTests.debug.xcconfig */,
				88AF14E5D2DCD5516A9325A0 /* Pods-XCUITestTemplateTests.release.xcconfig */,
				6597641923D0181011A5597F /* Pods-XCUITestTemplateUITests.debug.xcconfig */,
				059D0C8CF45EC58FEB49632E /* Pods-XCUITestTemplateUITests.release.xcconfig */,
			);
			path = Pods;
			sourceTree = "<group>";
		};
/* End PBXGroup section */

/* Begin PBXNativeTarget section */
		B53F59852297C3E6004E2C9D /* XCUITestTemplate */ = {
			isa = PBXNativeTarget;
			buildConfigurationList = B53F59B12297C3E9004E2C9D /* Build configuration list for PBXNativeTarget "XCUITestTemplate" */;
			buildPhases = (
				1DB205C9AE91F242221FE035 /* [CP] Check Pods Manifest.lock */,
				B53F59822297C3E6004E2C9D /* Sources */,
				B53F59832297C3E6004E2C9D /* Frameworks */,
				B53F59842297C3E6004E2C9D /* Resources */,
			);
			buildRules = (
			);
			dependencies = (
			);
			name = XCUITestTemplate;
			productName = XCUITestTemplate;
			productReference = B53F59862297C3E6004E2C9D /* XCUITestTemplate.app */;
			productType = "com.apple.product-type.application";
		};
		B53F599C2297C3E9004E2C9D /* XCUITestTemplateTests */ = {
			isa = PBXNativeTarget;
			buildConfigurationList = B53F59B42297C3E9004E2C9D /* Build configuration list for PBXNativeTarget "XCUITestTemplateTests" */;
			buildPhases = (
				BD7924633B0D7A0FD9CCFF6B /* [CP] Check Pods Manifest.lock */,
				B53F59992297C3E9004E2C9D /* Sources */,
				B53F599A2297C3E9004E2C9D /* Frameworks */,
				B53F599B2297C3E9004E2C9D /* Resources */,
			);
			buildRules = (
			);
			dependencies = (
				B53F599F2297C3E9004E2C9D /* PBXTargetDependency */,
			);
			name = XCUITestTemplateTests;
			productName = XCUITestTemplateTests;
			productReference = B53F599D2297C3E9004E2C9D /* XCUITestTemplateTests.xctest */;
			productType = "com.apple.product-type.bundle.unit-test";
		};
		B53F59A72297C3E9004E2C9D /* XCUITestTemplateUITests */ = {
			isa = PBXNativeTarget;
			buildConfigurationList = B53F59B72297C3E9004E2C9D /* Build configuration list for PBXNativeTarget "XCUITestTemplateUITests" */;
			buildPhases = (
				859A15B6834D918A4F26677F /* [CP] Check Pods Manifest.lock */,
				B53F59A42297C3E9004E2C9D /* Sources */,
				B53F59A52297C3E9004E2C9D /* Frameworks */,
				B53F59A62297C3E9004E2C9D /* Resources */,
				4B872DF10111ABE5B2D239E9 /* [CP] Embed Pods Frameworks */,
			);
			buildRules = (
			);
			dependencies = (
				B53F59AA2297C3E9004E2C9D /* PBXTargetDependency */,
			);
			name = XCUITestTemplateUITests;
			productName = XCUITestTemplateUITests;
			productReference = B53F59A82297C3E9004E2C9D /* XCUITestTemplateUITests.xctest */;
			productType = "com.apple.product-type.bundle.ui-testing";
		};
/* End PBXNativeTarget section */

/* Begin PBXProject section */
		B53F597E2297C3E5004E2C9D /* Project object */ = {
			isa = PBXProject;
			attributes = {
				LastSwiftUpdateCheck = 1020;
				LastUpgradeCheck = 1020;
				ORGANIZATIONNAME = "Santhosh Nampally";
				TargetAttributes = {
					B53F59852297C3E6004E2C9D = {
						CreatedOnToolsVersion = 10.2.1;
					};
					B53F599C2297C3E9004E2C9D = {
						CreatedOnToolsVersion = 10.2.1;
						TestTargetID = B53F59852297C3E6004E2C9D;
					};
					B53F59A72297C3E9004E2C9D = {
						CreatedOnToolsVersion = 10.2.1;
						LastSwiftMigration = 1020;
						TestTargetID = B53F59852297C3E6004E2C9D;
					};
				};
			};
			buildConfigurationList = B53F59812297C3E5004E2C9D /* Build configuration list for PBXProject "XCUITestTemplate" */;
			compatibilityVersion = "Xcode 9.3";
			developmentRegion = en;
			hasScannedForEncodings = 0;
			knownRegions = (
				en,
				Base,
			);
			mainGroup = B53F597D2297C3E5004E2C9D;
			productRefGroup = B53F59872297C3E6004E2C9D /* Products */;
			projectDirPath = "";
			projectRoot = "";
			targets = (
				B53F59852297C3E6004E2C9D /* XCUITestTemplate */,
				B53F599C2297C3E9004E2C9D /* XCUITestTemplateTests */,
				B53F59A72297C3E9004E2C9D /* XCUITestTemplateUITests */,
			);
		};
/* End PBXProject section */

/* Begin PBXResourcesBuildPhase section */
		B53F59842297C3E6004E2C9D /* Resources */ = {
			isa = PBXResourcesBuildPhase;
			buildActionMask = 2147483647;
			files = (
				B53F59972297C3E9004E2C9D /* LaunchScreen.storyboard in Resources */,
				B53F59942297C3E9004E2C9D /* Assets.xcassets in Resources */,
				B53F598F2297C3E6004E2C9D /* Main.storyboard in Resources */,
			);
			runOnlyForDeploymentPostprocessing = 0;
		};
		B53F599B2297C3E9004E2C9D /* Resources */ = {
			isa = PBXResourcesBuildPhase;
			buildActionMask = 2147483647;
			files = (
			);
			runOnlyForDeploymentPostprocessing = 0;
		};
		B53F59A62297C3E9004E2C9D /* Resources */ = {
			isa = PBXResourcesBuildPhase;
			buildActionMask = 2147483647;
			files = (
				B5E876DA2297CE50004FB652 /* Features in Resources */,
				B5E876CF2297CC59004FB652 /* UserInputs.plist in Resources */,
				B5E876CE2297CC59004FB652 /* CustomData.json in Resources */,
			);
			runOnlyForDeploymentPostprocessing = 0;
		};
/* End PBXResourcesBuildPhase section */

/* Begin PBXShellScriptBuildPhase section */
		1DB205C9AE91F242221FE035 /* [CP] Check Pods Manifest.lock */ = {
			isa = PBXShellScriptBuildPhase;
			buildActionMask = 2147483647;
			files = (
			);
			inputFileListPaths = (
			);
			inputPaths = (
				"${PODS_PODFILE_DIR_PATH}/Podfile.lock",
				"${PODS_ROOT}/Manifest.lock",
			);
			name = "[CP] Check Pods Manifest.lock";
			outputFileListPaths = (
			);
			outputPaths = (
				"$(DERIVED_FILE_DIR)/Pods-XCUITestTemplate-checkManifestLockResult.txt",
			);
			runOnlyForDeploymentPostprocessing = 0;
			shellPath = /bin/sh;
			shellScript = "diff \"${PODS_PODFILE_DIR_PATH}/Podfile.lock\" \"${PODS_ROOT}/Manifest.lock\" > /dev/null\nif [ $? != 0 ] ; then\n    # print error to STDERR\n    echo \"error: The sandbox is not in sync with the Podfile.lock. Run 'pod install' or update your CocoaPods installation.\" >&2\n    exit 1\nfi\n# This output is used by Xcode 'outputs' to avoid re-running this script phase.\necho \"SUCCESS\" > \"${SCRIPT_OUTPUT_FILE_0}\"\n";
			showEnvVarsInLog = 0;
		};
		4B872DF10111ABE5B2D239E9 /* [CP] Embed Pods Frameworks */ = {
			isa = PBXShellScriptBuildPhase;
			buildActionMask = 2147483647;
			files = (
			);
			inputFileListPaths = (
			);
			inputPaths = (
				"${PODS_ROOT}/Target Support Files/Pods-XCUITestTemplateUITests/Pods-XCUITestTemplateUITests-frameworks.sh",
				"${BUILT_PRODUCTS_DIR}/Cucumberish/Cucumberish.framework",
			);
			name = "[CP] Embed Pods Frameworks";
			outputFileListPaths = (
			);
			outputPaths = (
				"${TARGET_BUILD_DIR}/${FRAMEWORKS_FOLDER_PATH}/Cucumberish.framework",
			);
			runOnlyForDeploymentPostprocessing = 0;
			shellPath = /bin/sh;
			shellScript = "\"${PODS_ROOT}/Target Support Files/Pods-XCUITestTemplateUITests/Pods-XCUITestTemplateUITests-frameworks.sh\"\n";
			showEnvVarsInLog = 0;
		};
		859A15B6834D918A4F26677F /* [CP] Check Pods Manifest.lock */ = {
			isa = PBXShellScriptBuildPhase;
			buildActionMask = 2147483647;
			files = (
			);
			inputFileListPaths = (
			);
			inputPaths = (
				"${PODS_PODFILE_DIR_PATH}/Podfile.lock",
				"${PODS_ROOT}/Manifest.lock",
			);
			name = "[CP] Check Pods Manifest.lock";
			outputFileListPaths = (
			);
			outputPaths = (
				"$(DERIVED_FILE_DIR)/Pods-XCUITestTemplateUITests-checkManifestLockResult.txt",
			);
			runOnlyForDeploymentPostprocessing = 0;
			shellPath = /bin/sh;
			shellScript = "diff \"${PODS_PODFILE_DIR_PATH}/Podfile.lock\" \"${PODS_ROOT}/Manifest.lock\" > /dev/null\nif [ $? != 0 ] ; then\n    # print error to STDERR\n    echo \"error: The sandbox is not in sync with the Podfile.lock. Run 'pod install' or update your CocoaPods installation.\" >&2\n    exit 1\nfi\n# This output is used by Xcode 'outputs' to avoid re-running this script phase.\necho \"SUCCESS\" > \"${SCRIPT_OUTPUT_FILE_0}\"\n";
			showEnvVarsInLog = 0;
		};
		BD7924633B0D7A0FD9CCFF6B /* [CP] Check Pods Manifest.lock */ = {
			isa = PBXShellScriptBuildPhase;
			buildActionMask = 2147483647;
			files = (
			);
			inputFileListPaths = (
			);
			inputPaths = (
				"${PODS_PODFILE_DIR_PATH}/Podfile.lock",
				"${PODS_ROOT}/Manifest.lock",
			);
			name = "[CP] Check Pods Manifest.lock";
			outputFileListPaths = (
			);
			outputPaths = (
				"$(DERIVED_FILE_DIR)/Pods-XCUITestTemplateTests-checkManifestLockResult.txt",
			);
			runOnlyForDeploymentPostprocessing = 0;
			shellPath = /bin/sh;
			shellScript = "diff \"${PODS_PODFILE_DIR_PATH}/Podfile.lock\" \"${PODS_ROOT}/Manifest.lock\" > /dev/null\nif [ $? != 0 ] ; then\n    # print error to STDERR\n    echo \"error: The sandbox is not in sync with the Podfile.lock. Run 'pod install' or update your CocoaPods installation.\" >&2\n    exit 1\nfi\n# This output is used by Xcode 'outputs' to avoid re-running this script phase.\necho \"SUCCESS\" > \"${SCRIPT_OUTPUT_FILE_0}\"\n";
			showEnvVarsInLog = 0;
		};
/* End PBXShellScriptBuildPhase section */

/* Begin PBXSourcesBuildPhase section */
		B53F59822297C3E6004E2C9D /* Sources */ = {
			isa = PBXSourcesBuildPhase;
			buildActionMask = 2147483647;
			files = (
				B5E876B62297C8DE004FB652 /* CustomTextField.swift in Sources */,
				B53F59922297C3E6004E2C9D /* XCUITestTemplate.xcdatamodeld in Sources */,
				B53F598C2297C3E6004E2C9D /* ViewController.swift in Sources */,
				B53F598A2297C3E6004E2C9D /* AppDelegate.swift in Sources */,
			);
			runOnlyForDeploymentPostprocessing = 0;
		};
		B53F59992297C3E9004E2C9D /* Sources */ = {
			isa = PBXSourcesBuildPhase;
			buildActionMask = 2147483647;
			files = (
				B53F59A22297C3E9004E2C9D /* XCUITestTemplateTests.swift in Sources */,
			);
			runOnlyForDeploymentPostprocessing = 0;
		};
		B53F59A42297C3E9004E2C9D /* Sources */ = {
			isa = PBXSourcesBuildPhase;
			buildActionMask = 2147483647;
			files = (
				B5E876C52297CB24004FB652 /* LoginPage.swift in Sources */,
				B53F59AD2297C3E9004E2C9D /* XCUITestTemplateUITests.swift in Sources */,
				B5E876C12297CADF004FB652 /* BasePage.swift in Sources */,
				B5E876D32297CCA1004FB652 /* LoginUITest.swift in Sources */,
				B5E876D82297CDDF004FB652 /* LoginStepDefenation.swift in Sources */,
				B5E876D62297CDAE004FB652 /* CucumberishLoader.m in Sources */,
				B5E876C92297CBA8004FB652 /* TestInputHandler.swift in Sources */,
				B5E876C32297CB04004FB652 /* Config.swift in Sources */,
				B5E876CB2297CBCC004FB652 /* DataParser.swift in Sources */,
				B5E876C72297CB60004FB652 /* LoginWorkFlow.swift in Sources */,
			);
			runOnlyForDeploymentPostprocessing = 0;
		};
/* End PBXSourcesBuildPhase section */

/* Begin PBXTargetDependency section */
		B53F599F2297C3E9004E2C9D /* PBXTargetDependency */ = {
			isa = PBXTargetDependency;
			target = B53F59852297C3E6004E2C9D /* XCUITestTemplate */;
			targetProxy = B53F599E2297C3E9004E2C9D /* PBXContainerItemProxy */;
		};
		B53F59AA2297C3E9004E2C9D /* PBXTargetDependency */ = {
			isa = PBXTargetDependency;
			target = B53F59852297C3E6004E2C9D /* XCUITestTemplate */;
			targetProxy = B53F59A92297C3E9004E2C9D /* PBXContainerItemProxy */;
		};
/* End PBXTargetDependency section */

/* Begin PBXVariantGroup section */
		B53F598D2297C3E6004E2C9D /* Main.storyboard */ = {
			isa = PBXVariantGroup;
			children = (
				B53F598E2297C3E6004E2C9D /* Base */,
			);
			name = Main.storyboard;
			sourceTree = "<group>";
		};
		B53F59952297C3E9004E2C9D /* LaunchScreen.storyboard */ = {
			isa = PBXVariantGroup;
			children = (
				B53F59962297C3E9004E2C9D /* Base */,
			);
			name = LaunchScreen.storyboard;
			sourceTree = "<group>";
		};
/* End PBXVariantGroup section */

/* Begin XCBuildConfiguration section */
		B53F59AF2297C3E9004E2C9D /* Debug */ = {
			isa = XCBuildConfiguration;
			buildSettings = {
				ALWAYS_SEARCH_USER_PATHS = NO;
				CLANG_ANALYZER_NONNULL = YES;
				CLANG_ANALYZER_NUMBER_OBJECT_CONVERSION = YES_AGGRESSIVE;
				CLANG_CXX_LANGUAGE_STANDARD = "gnu++14";
				CLANG_CXX_LIBRARY = "libc++";
				CLANG_ENABLE_MODULES = YES;
				CLANG_ENABLE_OBJC_ARC = YES;
				CLANG_ENABLE_OBJC_WEAK = YES;
				CLANG_WARN_BLOCK_CAPTURE_AUTORELEASING = YES;
				CLANG_WARN_BOOL_CONVERSION = YES;
				CLANG_WARN_COMMA = YES;
				CLANG_WARN_CONSTANT_CONVERSION = YES;
				CLANG_WARN_DEPRECATED_OBJC_IMPLEMENTATIONS = YES;
				CLANG_WARN_DIRECT_OBJC_ISA_USAGE = YES_ERROR;
				CLANG_WARN_DOCUMENTATION_COMMENTS = YES;
				CLANG_WARN_EMPTY_BODY = YES;
				CLANG_WARN_ENUM_CONVERSION = YES;
				CLANG_WARN_INFINITE_RECURSION = YES;
				CLANG_WARN_INT_CONVERSION = YES;
				CLANG_WARN_NON_LITERAL_NULL_CONVERSION = YES;
				CLANG_WARN_OBJC_IMPLICIT_RETAIN_SELF = YES;
				CLANG_WARN_OBJC_LITERAL_CONVERSION = YES;
				CLANG_WARN_OBJC_ROOT_CLASS = YES_ERROR;
				CLANG_WARN_RANGE_LOOP_ANALYSIS = YES;
				CLANG_WARN_STRICT_PROTOTYPES = YES;
				CLANG_WARN_SUSPICIOUS_MOVE = YES;
				CLANG_WARN_UNGUARDED_AVAILABILITY = YES_AGGRESSIVE;
				CLANG_WARN_UNREACHABLE_CODE = YES;
				CLANG_WARN__DUPLICATE_METHOD_MATCH = YES;
				CODE_SIGN_IDENTITY = "iPhone Developer";
				COPY_PHASE_STRIP = NO;
				DEBUG_INFORMATION_FORMAT = dwarf;
				ENABLE_STRICT_OBJC_MSGSEND = YES;
				ENABLE_TESTABILITY = YES;
				GCC_C_LANGUAGE_STANDARD = gnu11;
				GCC_DYNAMIC_NO_PIC = NO;
				GCC_NO_COMMON_BLOCKS = YES;
				GCC_OPTIMIZATION_LEVEL = 0;
				GCC_PREPROCESSOR_DEFINITIONS = (
					"DEBUG=1",
					"$(inherited)",
				);
				GCC_WARN_64_TO_32_BIT_CONVERSION = YES;
				GCC_WARN_ABOUT_RETURN_TYPE = YES_ERROR;
				GCC_WARN_UNDECLARED_SELECTOR = YES;
				GCC_WARN_UNINITIALIZED_AUTOS = YES_AGGRESSIVE;
				GCC_WARN_UNUSED_FUNCTION = YES;
				GCC_WARN_UNUSED_VARIABLE = YES;
				IPHONEOS_DEPLOYMENT_TARGET = 12.2;
				MTL_ENABLE_DEBUG_INFO = INCLUDE_SOURCE;
				MTL_FAST_MATH = YES;
				ONLY_ACTIVE_ARCH = YES;
				SDKROOT = iphoneos;
				SWIFT_ACTIVE_COMPILATION_CONDITIONS = DEBUG;
				SWIFT_OPTIMIZATION_LEVEL = "-Onone";
			};
			name = Debug;
		};
		B53F59B02297C3E9004E2C9D /* Release */ = {
			isa = XCBuildConfiguration;
			buildSettings = {
				ALWAYS_SEARCH_USER_PATHS = NO;
				CLANG_ANALYZER_NONNULL = YES;
				CLANG_ANALYZER_NUMBER_OBJECT_CONVERSION = YES_AGGRESSIVE;
				CLANG_CXX_LANGUAGE_STANDARD = "gnu++14";
				CLANG_CXX_LIBRARY = "libc++";
				CLANG_ENABLE_MODULES = YES;
				CLANG_ENABLE_OBJC_ARC = YES;
				CLANG_ENABLE_OBJC_WEAK = YES;
				CLANG_WARN_BLOCK_CAPTURE_AUTORELEASING = YES;
				CLANG_WARN_BOOL_CONVERSION = YES;
				CLANG_WARN_COMMA = YES;
				CLANG_WARN_CONSTANT_CONVERSION = YES;
				CLANG_WARN_DEPRECATED_OBJC_IMPLEMENTATIONS = YES;
				CLANG_WARN_DIRECT_OBJC_ISA_USAGE = YES_ERROR;
				CLANG_WARN_DOCUMENTATION_COMMENTS = YES;
				CLANG_WARN_EMPTY_BODY = YES;
				CLANG_WARN_ENUM_CONVERSION = YES;
				CLANG_WARN_INFINITE_RECURSION = YES;
				CLANG_WARN_INT_CONVERSION = YES;
				CLANG_WARN_NON_LITERAL_NULL_CONVERSION = YES;
				CLANG_WARN_OBJC_IMPLICIT_RETAIN_SELF = YES;
				CLANG_WARN_OBJC_LITERAL_CONVERSION = YES;
				CLANG_WARN_OBJC_ROOT_CLASS = YES_ERROR;
				CLANG_WARN_RANGE_LOOP_ANALYSIS = YES;
				CLANG_WARN_STRICT_PROTOTYPES = YES;
				CLANG_WARN_SUSPICIOUS_MOVE = YES;
				CLANG_WARN_UNGUARDED_AVAILABILITY = YES_AGGRESSIVE;
				CLANG_WARN_UNREACHABLE_CODE = YES;
				CLANG_WARN__DUPLICATE_METHOD_MATCH = YES;
				CODE_SIGN_IDENTITY = "iPhone Developer";
				COPY_PHASE_STRIP = NO;
				DEBUG_INFORMATION_FORMAT = "dwarf-with-dsym";
				ENABLE_NS_ASSERTIONS = NO;
				ENABLE_STRICT_OBJC_MSGSEND = YES;
				GCC_C_LANGUAGE_STANDARD = gnu11;
				GCC_NO_COMMON_BLOCKS = YES;
				GCC_WARN_64_TO_32_BIT_CONVERSION = YES;
				GCC_WARN_ABOUT_RETURN_TYPE = YES_ERROR;
				GCC_WARN_UNDECLARED_SELECTOR = YES;
				GCC_WARN_UNINITIALIZED_AUTOS = YES_AGGRESSIVE;
				GCC_WARN_UNUSED_FUNCTION = YES;
				GCC_WARN_UNUSED_VARIABLE = YES;
				IPHONEOS_DEPLOYMENT_TARGET = 12.2;
				MTL_ENABLE_DEBUG_INFO = NO;
				MTL_FAST_MATH = YES;
				SDKROOT = iphoneos;
				SWIFT_COMPILATION_MODE = wholemodule;
				SWIFT_OPTIMIZATION_LEVEL = "-O";
				VALIDATE_PRODUCT = YES;
			};
			name = Release;
		};
		B53F59B22297C3E9004E2C9D /* Debug */ = {
			isa = XCBuildConfiguration;
			baseConfigurationReference = C439EFF87B79B1014F76B0F3 /* Pods-XCUITestTemplate.debug.xcconfig */;
			buildSettings = {
				ASSETCATALOG_COMPILER_APPICON_NAME = AppIcon;
				CODE_SIGN_STYLE = Automatic;
				INFOPLIST_FILE = XCUITestTemplate/Info.plist;
				LD_RUNPATH_SEARCH_PATHS = (
					"$(inherited)",
					"@executable_path/Frameworks",
				);
				PRODUCT_BUNDLE_IDENTIFIER = Epam.XCUITestTemplate;
				PRODUCT_NAME = "$(TARGET_NAME)";
				SWIFT_VERSION = 5.0;
				TARGETED_DEVICE_FAMILY = "1,2";
			};
			name = Debug;
		};
		B53F59B32297C3E9004E2C9D /* Release */ = {
			isa = XCBuildConfiguration;
			baseConfigurationReference = EAD8E486986FB7DE59D01B10 /* Pods-XCUITestTemplate.release.xcconfig */;
			buildSettings = {
				ASSETCATALOG_COMPILER_APPICON_NAME = AppIcon;
				CODE_SIGN_STYLE = Automatic;
				INFOPLIST_FILE = XCUITestTemplate/Info.plist;
				LD_RUNPATH_SEARCH_PATHS = (
					"$(inherited)",
					"@executable_path/Frameworks",
				);
				PRODUCT_BUNDLE_IDENTIFIER = Epam.XCUITestTemplate;
				PRODUCT_NAME = "$(TARGET_NAME)";
				SWIFT_VERSION = 5.0;
				TARGETED_DEVICE_FAMILY = "1,2";
			};
			name = Release;
		};
		B53F59B52297C3E9004E2C9D /* Debug */ = {
			isa = XCBuildConfiguration;
			baseConfigurationReference = BA32BC28FF24BF6CAA75463A /* Pods-XCUITestTemplateTests.debug.xcconfig */;
			buildSettings = {
				ALWAYS_EMBED_SWIFT_STANDARD_LIBRARIES = YES;
				BUNDLE_LOADER = "$(TEST_HOST)";
				CODE_SIGN_STYLE = Automatic;
				INFOPLIST_FILE = XCUITestTemplateTests/Info.plist;
				LD_RUNPATH_SEARCH_PATHS = (
					"$(inherited)",
					"@executable_path/Frameworks",
					"@loader_path/Frameworks",
				);
				PRODUCT_BUNDLE_IDENTIFIER = Epam.XCUITestTemplateTests;
				PRODUCT_NAME = "$(TARGET_NAME)";
				SWIFT_VERSION = 5.0;
				TARGETED_DEVICE_FAMILY = "1,2";
				TEST_HOST = "$(BUILT_PRODUCTS_DIR)/XCUITestTemplate.app/XCUITestTemplate";
			};
			name = Debug;
		};
		B53F59B62297C3E9004E2C9D /* Release */ = {
			isa = XCBuildConfiguration;
			baseConfigurationReference = 88AF14E5D2DCD5516A9325A0 /* Pods-XCUITestTemplateTests.release.xcconfig */;
			buildSettings = {
				ALWAYS_EMBED_SWIFT_STANDARD_LIBRARIES = YES;
				BUNDLE_LOADER = "$(TEST_HOST)";
				CODE_SIGN_STYLE = Automatic;
				INFOPLIST_FILE = XCUITestTemplateTests/Info.plist;
				LD_RUNPATH_SEARCH_PATHS = (
					"$(inherited)",
					"@executable_path/Frameworks",
					"@loader_path/Frameworks",
				);
				PRODUCT_BUNDLE_IDENTIFIER = Epam.XCUITestTemplateTests;
				PRODUCT_NAME = "$(TARGET_NAME)";
				SWIFT_VERSION = 5.0;
				TARGETED_DEVICE_FAMILY = "1,2";
				TEST_HOST = "$(BUILT_PRODUCTS_DIR)/XCUITestTemplate.app/XCUITestTemplate";
			};
			name = Release;
		};
		B53F59B82297C3E9004E2C9D /* Debug */ = {
			isa = XCBuildConfiguration;
			baseConfigurationReference = 6597641923D0181011A5597F /* Pods-XCUITestTemplateUITests.debug.xcconfig */;
			buildSettings = {
				ALWAYS_EMBED_SWIFT_STANDARD_LIBRARIES = YES;
				CLANG_ENABLE_MODULES = YES;
				CODE_SIGN_STYLE = Automatic;
				DEFINES_MODULE = YES;
				INFOPLIST_FILE = XCUITestTemplateUITests/Info.plist;
				LD_RUNPATH_SEARCH_PATHS = (
					"$(inherited)",
					"@executable_path/Frameworks",
					"@loader_path/Frameworks",
				);
				PRODUCT_BUNDLE_IDENTIFIER = Epam.XCUITestTemplateUITests;
				PRODUCT_NAME = "$(TARGET_NAME)";
				SWIFT_OBJC_BRIDGING_HEADER = "XCUITestTemplateUITests/Source/Tests/BDD/XCUITestTemplateUITests-Bridging-Header.h";
				SWIFT_OPTIMIZATION_LEVEL = "-Onone";
				SWIFT_VERSION = 5.0;
				TARGETED_DEVICE_FAMILY = "1,2";
				TEST_TARGET_NAME = XCUITestTemplate;
			};
			name = Debug;
		};
		B53F59B92297C3E9004E2C9D /* Release */ = {
			isa = XCBuildConfiguration;
			baseConfigurationReference = 059D0C8CF45EC58FEB49632E /* Pods-XCUITestTemplateUITests.release.xcconfig */;
			buildSettings = {
				ALWAYS_EMBED_SWIFT_STANDARD_LIBRARIES = YES;
				CLANG_ENABLE_MODULES = YES;
				CODE_SIGN_STYLE = Automatic;
				DEFINES_MODULE = YES;
				INFOPLIST_FILE = XCUITestTemplateUITests/Info.plist;
				LD_RUNPATH_SEARCH_PATHS = (
					"$(inherited)",
					"@executable_path/Frameworks",
					"@loader_path/Frameworks",
				);
				PRODUCT_BUNDLE_IDENTIFIER = Epam.XCUITestTemplateUITests;
				PRODUCT_NAME = "$(TARGET_NAME)";
				SWIFT_OBJC_BRIDGING_HEADER = "XCUITestTemplateUITests/Source/Tests/BDD/XCUITestTemplateUITests-Bridging-Header.h";
				SWIFT_VERSION = 5.0;
				TARGETED_DEVICE_FAMILY = "1,2";
				TEST_TARGET_NAME = XCUITestTemplate;
			};
			name = Release;
		};
/* End XCBuildConfiguration section */

/* Begin XCConfigurationList section */
		B53F59812297C3E5004E2C9D /* Build configuration list for PBXProject "XCUITestTemplate" */ = {
			isa = XCConfigurationList;
			buildConfigurations = (
				B53F59AF2297C3E9004E2C9D /* Debug */,
				B53F59B02297C3E9004E2C9D /* Release */,
			);
			defaultConfigurationIsVisible = 0;
			defaultConfigurationName = Release;
		};
		B53F59B12297C3E9004E2C9D /* Build configuration list for PBXNativeTarget "XCUITestTemplate" */ = {
			isa = XCConfigurationList;
			buildConfigurations = (
				B53F59B22297C3E9004E2C9D /* Debug */,
				B53F59B32297C3E9004E2C9D /* Release */,
			);
			defaultConfigurationIsVisible = 0;
			defaultConfigurationName = Release;
		};
		B53F59B42297C3E9004E2C9D /* Build configuration list for PBXNativeTarget "XCUITestTemplateTests" */ = {
			isa = XCConfigurationList;
			buildConfigurations = (
				B53F59B52297C3E9004E2C9D /* Debug */,
				B53F59B62297C3E9004E2C9D /* Release */,
			);
			defaultConfigurationIsVisible = 0;
			defaultConfigurationName = Release;
		};
		B53F59B72297C3E9004E2C9D /* Build configuration list for PBXNativeTarget "XCUITestTemplateUITests" */ = {
			isa = XCConfigurationList;
			buildConfigurations = (
				B53F59B82297C3E9004E2C9D /* Debug */,
				B53F59B92297C3E9004E2C9D /* Release */,
			);
			defaultConfigurationIsVisible = 0;
			defaultConfigurationName = Release;
		};
/* End XCConfigurationList section */

/* Begin XCVersionGroup section */
		B53F59902297C3E6004E2C9D /* XCUITestTemplate.xcdatamodeld */ = {
			isa = XCVersionGroup;
			children = (
				B53F59912297C3E6004E2C9D /* XCUITestTemplate.xcdatamodel */,
			);
			currentVersion = B53F59912297C3E6004E2C9D /* XCUITestTemplate.xcdatamodel */;
			path = XCUITestTemplate.xcdatamodeld;
			sourceTree = "<group>";
			versionGroupType = wrapper.xcdatamodel;
		};
/* End XCVersionGroup section */
	};
	rootObject = B53F597E2297C3E5004E2C9D /* Project object */;
}
